
Microsoft Visual Studio Solution File, Format Version 12.00
# Visual Studio Version 16
VisualStudioVersion = 16.0.30907.101
MinimumVisualStudioVersion = 10.0.40219.1
Project("{FAE04EC0-301F-11D3-BF4B-00C04F79EFBC}") = "Homework", "Homework\Homework.csproj", "{F4951C17-F818-4B7B-9CF2-8023424CCA01}"
EndProject
Global
	GlobalSection(SolutionConfigurationPlatforms) = preSolution
		Debug|Any CPU = Debug|Any CPU
		Release|Any CPU = Release|Any CPU
	EndGlobalSection
	GlobalSection(ProjectConfigurationPlatforms) = postSolution
		{F4951C17-F818-4B7B-9CF2-8023424CCA01}.Debug|Any CPU.ActiveCfg = Debug|Any CPU
		{F4951C17-F818-4B7B-9CF2-8023424CCA01}.Debug|Any CPU.Build.0 = Debug|Any CPU
		{F4951C17-F818-4B7B-9CF2-8023424CCA01}.Release|Any CPU.ActiveCfg = Release|Any CPU
		{F4951C17-F818-4B7B-9CF2-8023424CCA01}.Release|Any CPU.Build.0 = Release|Any CPU
	EndGlobalSection
	GlobalSection(SolutionProperties) = preSolution
		HideSolutionNode = FALSE
	EndGlobalSection
	GlobalSection(ExtensibilityGlobals) = postSolution
		SolutionGuid = {135579CD-8B37-46F2-A9FF-BE22DE6F40F3}
	EndGlobalSection
EndGlobal
