
Microsoft Visual Studio Solution File, Format Version 12.00
# Visual Studio Version 16
VisualStudioVersion = 16.0.30907.101
MinimumVisualStudioVersion = 10.0.40219.1
Project("{FAE04EC0-301F-11D3-BF4B-00C04F79EFBC}") = "Homewrok", "Homewrok\Homewrok.csproj", "{A231F0BD-B053-4894-87D3-1E52BB746C8E}"
EndProject
Global
	GlobalSection(SolutionConfigurationPlatforms) = preSolution
		Debug|Any CPU = Debug|Any CPU
		Release|Any CPU = Release|Any CPU
	EndGlobalSection
	GlobalSection(ProjectConfigurationPlatforms) = postSolution
		{A231F0BD-B053-4894-87D3-1E52BB746C8E}.Debug|Any CPU.ActiveCfg = Debug|Any CPU
		{A231F0BD-B053-4894-87D3-1E52BB746C8E}.Debug|Any CPU.Build.0 = Debug|Any CPU
		{A231F0BD-B053-4894-87D3-1E52BB746C8E}.Release|Any CPU.ActiveCfg = Release|Any CPU
		{A231F0BD-B053-4894-87D3-1E52BB746C8E}.Release|Any CPU.Build.0 = Release|Any CPU
	EndGlobalSection
	GlobalSection(SolutionProperties) = preSolution
		HideSolutionNode = FALSE
	EndGlobalSection
	GlobalSection(ExtensibilityGlobals) = postSolution
		SolutionGuid = {9947AC97-F45B-4378-B895-685A7C8A8E3E}
	EndGlobalSection
EndGlobal
