
Microsoft Visual Studio Solution File, Format Version 12.00
# Visual Studio Version 16
VisualStudioVersion = 16.0.30907.101
MinimumVisualStudioVersion = 10.0.40219.1
Project("{FAE04EC0-301F-11D3-BF4B-00C04F79EFBC}") = "Homework", "Homework\Homework.csproj", "{EAC1F36B-1C7B-4F23-9CB3-D5ED8D0D3231}"
EndProject
Project("{FAE04EC0-301F-11D3-BF4B-00C04F79EFBC}") = "CSVtoXML", "CSVtoXML\CSVtoXML.csproj", "{C5C72E9D-7C85-4384-B9A3-3141306E4AF6}"
EndProject
Global
	GlobalSection(SolutionConfigurationPlatforms) = preSolution
		Debug|Any CPU = Debug|Any CPU
		Release|Any CPU = Release|Any CPU
	EndGlobalSection
	GlobalSection(ProjectConfigurationPlatforms) = postSolution
		{EAC1F36B-1C7B-4F23-9CB3-D5ED8D0D3231}.Debug|Any CPU.ActiveCfg = Debug|Any CPU
		{EAC1F36B-1C7B-4F23-9CB3-D5ED8D0D3231}.Debug|Any CPU.Build.0 = Debug|Any CPU
		{EAC1F36B-1C7B-4F23-9CB3-D5ED8D0D3231}.Release|Any CPU.ActiveCfg = Release|Any CPU
		{EAC1F36B-1C7B-4F23-9CB3-D5ED8D0D3231}.Release|Any CPU.Build.0 = Release|Any CPU
		{C5C72E9D-7C85-4384-B9A3-3141306E4AF6}.Debug|Any CPU.ActiveCfg = Debug|Any CPU
		{C5C72E9D-7C85-4384-B9A3-3141306E4AF6}.Debug|Any CPU.Build.0 = Debug|Any CPU
		{C5C72E9D-7C85-4384-B9A3-3141306E4AF6}.Release|Any CPU.ActiveCfg = Release|Any CPU
		{C5C72E9D-7C85-4384-B9A3-3141306E4AF6}.Release|Any CPU.Build.0 = Release|Any CPU
	EndGlobalSection
	GlobalSection(SolutionProperties) = preSolution
		HideSolutionNode = FALSE
	EndGlobalSection
	GlobalSection(ExtensibilityGlobals) = postSolution
		SolutionGuid = {D813F0EC-03D8-4871-A496-35E4A13C3CB1}
	EndGlobalSection
EndGlobal
